
Microsoft Visual Studio Solution File, Format Version 12.00
# Visual Studio 15
VisualStudioVersion = 15.0.27130.2036
MinimumVisualStudioVersion = 10.0.40219.1
Project("{9A19103F-16F7-4668-BE54-9A1E7A4F7556}") = "AzureFunctionsDHBW", "AzureFunctionsDHBW\AzureFunctionsDHBW.csproj", "{2BFCDF31-CEEE-475E-A21A-190F8DE02FE3}"
EndProject
Global
	GlobalSection(SolutionConfigurationPlatforms) = preSolution
		Debug|Any CPU = Debug|Any CPU
		Release|Any CPU = Release|Any CPU
	EndGlobalSection
	GlobalSection(ProjectConfigurationPlatforms) = postSolution
		{2BFCDF31-CEEE-475E-A21A-190F8DE02FE3}.Debug|Any CPU.ActiveCfg = Debug|Any CPU
		{2BFCDF31-CEEE-475E-A21A-190F8DE02FE3}.Debug|Any CPU.Build.0 = Debug|Any CPU
		{2BFCDF31-CEEE-475E-A21A-190F8DE02FE3}.Release|Any CPU.ActiveCfg = Release|Any CPU
		{2BFCDF31-CEEE-475E-A21A-190F8DE02FE3}.Release|Any CPU.Build.0 = Release|Any CPU
	EndGlobalSection
	GlobalSection(SolutionProperties) = preSolution
		HideSolutionNode = FALSE
	EndGlobalSection
	GlobalSection(ExtensibilityGlobals) = postSolution
		SolutionGuid = {38B56774-AFDE-454F-9669-9550F8AAF7D8}
	EndGlobalSection
EndGlobal
